
Microsoft Visual Studio Solution File, Format Version 12.00
# Visual Studio Version 16
VisualStudioVersion = 16.0.31313.79
MinimumVisualStudioVersion = 10.0.40219.1
Project("{FAE04EC0-301F-11D3-BF4B-00C04F79EFBC}") = "XamarinBBDD.Android", "XamarinBBDD\XamarinBBDD.Android\XamarinBBDD.Android.csproj", "{491AE57E-78A8-4B1E-93E2-72628E6919DC}"
EndProject
Project("{FAE04EC0-301F-11D3-BF4B-00C04F79EFBC}") = "XamarinBBDD.iOS", "XamarinBBDD\XamarinBBDD.iOS\XamarinBBDD.iOS.csproj", "{3B8D3026-454C-46CB-9FBE-F00CDB895CAF}"
EndProject
Project("{9A19103F-16F7-4668-BE54-9A1E7A4F7556}") = "XamarinBBDD", "XamarinBBDD\XamarinBBDD\XamarinBBDD.csproj", "{8AF7EF73-95DD-4C9F-BE9E-EC774327273F}"
EndProject
Global
	GlobalSection(SolutionConfigurationPlatforms) = preSolution
		Debug|Any CPU = Debug|Any CPU
		Debug|iPhone = Debug|iPhone
		Debug|iPhoneSimulator = Debug|iPhoneSimulator
		Release|Any CPU = Release|Any CPU
		Release|iPhone = Release|iPhone
		Release|iPhoneSimulator = Release|iPhoneSimulator
	EndGlobalSection
	GlobalSection(ProjectConfigurationPlatforms) = postSolution
		{491AE57E-78A8-4B1E-93E2-72628E6919DC}.Debug|Any CPU.ActiveCfg = Debug|Any CPU
		{491AE57E-78A8-4B1E-93E2-72628E6919DC}.Debug|Any CPU.Build.0 = Debug|Any CPU
		{491AE57E-78A8-4B1E-93E2-72628E6919DC}.Debug|Any CPU.Deploy.0 = Debug|Any CPU
		{491AE57E-78A8-4B1E-93E2-72628E6919DC}.Debug|iPhone.ActiveCfg = Debug|Any CPU
		{491AE57E-78A8-4B1E-93E2-72628E6919DC}.Debug|iPhone.Build.0 = Debug|Any CPU
		{491AE57E-78A8-4B1E-93E2-72628E6919DC}.Debug|iPhone.Deploy.0 = Debug|Any CPU
		{491AE57E-78A8-4B1E-93E2-72628E6919DC}.Debug|iPhoneSimulator.ActiveCfg = Debug|Any CPU
		{491AE57E-78A8-4B1E-93E2-72628E6919DC}.Debug|iPhoneSimulator.Build.0 = Debug|Any CPU
		{491AE57E-78A8-4B1E-93E2-72628E6919DC}.Debug|iPhoneSimulator.Deploy.0 = Debug|Any CPU
		{491AE57E-78A8-4B1E-93E2-72628E6919DC}.Release|Any CPU.ActiveCfg = Release|Any CPU
		{491AE57E-78A8-4B1E-93E2-72628E6919DC}.Release|Any CPU.Build.0 = Release|Any CPU
		{491AE57E-78A8-4B1E-93E2-72628E6919DC}.Release|Any CPU.Deploy.0 = Release|Any CPU
		{491AE57E-78A8-4B1E-93E2-72628E6919DC}.Release|iPhone.ActiveCfg = Release|Any CPU
		{491AE57E-78A8-4B1E-93E2-72628E6919DC}.Release|iPhone.Build.0 = Release|Any CPU
		{491AE57E-78A8-4B1E-93E2-72628E6919DC}.Release|iPhone.Deploy.0 = Release|Any CPU
		{491AE57E-78A8-4B1E-93E2-72628E6919DC}.Release|iPhoneSimulator.ActiveCfg = Release|Any CPU
		{491AE57E-78A8-4B1E-93E2-72628E6919DC}.Release|iPhoneSimulator.Build.0 = Release|Any CPU
		{491AE57E-78A8-4B1E-93E2-72628E6919DC}.Release|iPhoneSimulator.Deploy.0 = Release|Any CPU
		{3B8D3026-454C-46CB-9FBE-F00CDB895CAF}.Debug|Any CPU.ActiveCfg = Debug|iPhone
		{3B8D3026-454C-46CB-9FBE-F00CDB895CAF}.Debug|Any CPU.Build.0 = Debug|iPhone
		{3B8D3026-454C-46CB-9FBE-F00CDB895CAF}.Debug|Any CPU.Deploy.0 = Debug|iPhone
		{3B8D3026-454C-46CB-9FBE-F00CDB895CAF}.Debug|iPhone.ActiveCfg = Debug|iPhone
		{3B8D3026-454C-46CB-9FBE-F00CDB895CAF}.Debug|iPhone.Build.0 = Debug|iPhone
		{3B8D3026-454C-46CB-9FBE-F00CDB895CAF}.Debug|iPhone.Deploy.0 = Debug|iPhone
		{3B8D3026-454C-46CB-9FBE-F00CDB895CAF}.Debug|iPhoneSimulator.ActiveCfg = Debug|iPhoneSimulator
		{3B8D3026-454C-46CB-9FBE-F00CDB895CAF}.Debug|iPhoneSimulator.Build.0 = Debug|iPhoneSimulator
		{3B8D3026-454C-46CB-9FBE-F00CDB895CAF}.Debug|iPhoneSimulator.Deploy.0 = Debug|iPhoneSimulator
		{3B8D3026-454C-46CB-9FBE-F00CDB895CAF}.Release|Any CPU.ActiveCfg = Release|iPhoneSimulator
		{3B8D3026-454C-46CB-9FBE-F00CDB895CAF}.Release|Any CPU.Build.0 = Release|iPhoneSimulator
		{3B8D3026-454C-46CB-9FBE-F00CDB895CAF}.Release|Any CPU.Deploy.0 = Release|iPhoneSimulator
		{3B8D3026-454C-46CB-9FBE-F00CDB895CAF}.Release|iPhone.ActiveCfg = Release|iPhone
		{3B8D3026-454C-46CB-9FBE-F00CDB895CAF}.Release|iPhone.Build.0 = Release|iPhone
		{3B8D3026-454C-46CB-9FBE-F00CDB895CAF}.Release|iPhone.Deploy.0 = Release|iPhone
		{3B8D3026-454C-46CB-9FBE-F00CDB895CAF}.Release|iPhoneSimulator.ActiveCfg = Release|iPhoneSimulator
		{3B8D3026-454C-46CB-9FBE-F00CDB895CAF}.Release|iPhoneSimulator.Build.0 = Release|iPhoneSimulator
		{3B8D3026-454C-46CB-9FBE-F00CDB895CAF}.Release|iPhoneSimulator.Deploy.0 = Release|iPhoneSimulator
		{8AF7EF73-95DD-4C9F-BE9E-EC774327273F}.Debug|Any CPU.ActiveCfg = Debug|Any CPU
		{8AF7EF73-95DD-4C9F-BE9E-EC774327273F}.Debug|Any CPU.Build.0 = Debug|Any CPU
		{8AF7EF73-95DD-4C9F-BE9E-EC774327273F}.Debug|Any CPU.Deploy.0 = Debug|Any CPU
		{8AF7EF73-95DD-4C9F-BE9E-EC774327273F}.Debug|iPhone.ActiveCfg = Debug|Any CPU
		{8AF7EF73-95DD-4C9F-BE9E-EC774327273F}.Debug|iPhone.Build.0 = Debug|Any CPU
		{8AF7EF73-95DD-4C9F-BE9E-EC774327273F}.Debug|iPhone.Deploy.0 = Debug|Any CPU
		{8AF7EF73-95DD-4C9F-BE9E-EC774327273F}.Debug|iPhoneSimulator.ActiveCfg = Debug|Any CPU
		{8AF7EF73-95DD-4C9F-BE9E-EC774327273F}.Debug|iPhoneSimulator.Build.0 = Debug|Any CPU
		{8AF7EF73-95DD-4C9F-BE9E-EC774327273F}.Debug|iPhoneSimulator.Deploy.0 = Debug|Any CPU
		{8AF7EF73-95DD-4C9F-BE9E-EC774327273F}.Release|Any CPU.ActiveCfg = Release|Any CPU
		{8AF7EF73-95DD-4C9F-BE9E-EC774327273F}.Release|Any CPU.Build.0 = Release|Any CPU
		{8AF7EF73-95DD-4C9F-BE9E-EC774327273F}.Release|Any CPU.Deploy.0 = Release|Any CPU
		{8AF7EF73-95DD-4C9F-BE9E-EC774327273F}.Release|iPhone.ActiveCfg = Release|Any CPU
		{8AF7EF73-95DD-4C9F-BE9E-EC774327273F}.Release|iPhone.Build.0 = Release|Any CPU
		{8AF7EF73-95DD-4C9F-BE9E-EC774327273F}.Release|iPhone.Deploy.0 = Release|Any CPU
		{8AF7EF73-95DD-4C9F-BE9E-EC774327273F}.Release|iPhoneSimulator.ActiveCfg = Release|Any CPU
		{8AF7EF73-95DD-4C9F-BE9E-EC774327273F}.Release|iPhoneSimulator.Build.0 = Release|Any CPU
		{8AF7EF73-95DD-4C9F-BE9E-EC774327273F}.Release|iPhoneSimulator.Deploy.0 = Release|Any CPU
	EndGlobalSection
	GlobalSection(SolutionProperties) = preSolution
		HideSolutionNode = FALSE
	EndGlobalSection
	GlobalSection(ExtensibilityGlobals) = postSolution
		SolutionGuid = {3BD9A272-92FA-40F1-8EE7-B8A86DF9CED7}
	EndGlobalSection
EndGlobal
